
Microsoft Visual Studio Solution File, Format Version 11.00
# Visual Studio 2010
Project("{FAE04EC0-301F-11D3-BF4B-00C04F79EFBC}") = "EggsToGo.Android", "EggsToGo.Android\EggsToGo.Android.csproj", "{EE9B3EF0-4CCC-48B2-ACD0-381DAA5D3779}"
EndProject
Project("{FAE04EC0-301F-11D3-BF4B-00C04F79EFBC}") = "EggsToGo.iOS", "EggsToGo.iOS\EggsToGo.iOS.csproj", "{B0A73A56-AEDD-4446-928E-A5BA73CB1972}"
EndProject
Global
	GlobalSection(SolutionConfigurationPlatforms) = preSolution
		Debug|Any CPU = Debug|Any CPU
		Release|Any CPU = Release|Any CPU
		Debug|iPhoneSimulator = Debug|iPhoneSimulator
		Release|iPhoneSimulator = Release|iPhoneSimulator
		Debug|iPhone = Debug|iPhone
		Release|iPhone = Release|iPhone
		Ad-Hoc|iPhone = Ad-Hoc|iPhone
		AppStore|iPhone = AppStore|iPhone
	EndGlobalSection
	GlobalSection(ProjectConfigurationPlatforms) = postSolution
		{B0A73A56-AEDD-4446-928E-A5BA73CB1972}.Ad-Hoc|iPhone.ActiveCfg = Debug|Any CPU
		{B0A73A56-AEDD-4446-928E-A5BA73CB1972}.Ad-Hoc|iPhone.Build.0 = Debug|Any CPU
		{B0A73A56-AEDD-4446-928E-A5BA73CB1972}.AppStore|iPhone.ActiveCfg = Debug|Any CPU
		{B0A73A56-AEDD-4446-928E-A5BA73CB1972}.AppStore|iPhone.Build.0 = Debug|Any CPU
		{B0A73A56-AEDD-4446-928E-A5BA73CB1972}.Debug|Any CPU.ActiveCfg = Debug|Any CPU
		{B0A73A56-AEDD-4446-928E-A5BA73CB1972}.Debug|Any CPU.Build.0 = Debug|Any CPU
		{B0A73A56-AEDD-4446-928E-A5BA73CB1972}.Debug|iPhone.ActiveCfg = Debug|Any CPU
		{B0A73A56-AEDD-4446-928E-A5BA73CB1972}.Debug|iPhone.Build.0 = Debug|Any CPU
		{B0A73A56-AEDD-4446-928E-A5BA73CB1972}.Debug|iPhoneSimulator.ActiveCfg = Debug|Any CPU
		{B0A73A56-AEDD-4446-928E-A5BA73CB1972}.Debug|iPhoneSimulator.Build.0 = Debug|Any CPU
		{B0A73A56-AEDD-4446-928E-A5BA73CB1972}.Release|Any CPU.ActiveCfg = Release|Any CPU
		{B0A73A56-AEDD-4446-928E-A5BA73CB1972}.Release|Any CPU.Build.0 = Release|Any CPU
		{B0A73A56-AEDD-4446-928E-A5BA73CB1972}.Release|iPhone.ActiveCfg = Release|Any CPU
		{B0A73A56-AEDD-4446-928E-A5BA73CB1972}.Release|iPhone.Build.0 = Release|Any CPU
		{B0A73A56-AEDD-4446-928E-A5BA73CB1972}.Release|iPhoneSimulator.ActiveCfg = Release|Any CPU
		{B0A73A56-AEDD-4446-928E-A5BA73CB1972}.Release|iPhoneSimulator.Build.0 = Release|Any CPU
		{EE9B3EF0-4CCC-48B2-ACD0-381DAA5D3779}.Ad-Hoc|iPhone.ActiveCfg = Debug|Any CPU
		{EE9B3EF0-4CCC-48B2-ACD0-381DAA5D3779}.Ad-Hoc|iPhone.Build.0 = Debug|Any CPU
		{EE9B3EF0-4CCC-48B2-ACD0-381DAA5D3779}.AppStore|iPhone.ActiveCfg = Debug|Any CPU
		{EE9B3EF0-4CCC-48B2-ACD0-381DAA5D3779}.AppStore|iPhone.Build.0 = Debug|Any CPU
		{EE9B3EF0-4CCC-48B2-ACD0-381DAA5D3779}.Debug|Any CPU.ActiveCfg = Debug|Any CPU
		{EE9B3EF0-4CCC-48B2-ACD0-381DAA5D3779}.Debug|Any CPU.Build.0 = Debug|Any CPU
		{EE9B3EF0-4CCC-48B2-ACD0-381DAA5D3779}.Debug|iPhone.ActiveCfg = Debug|Any CPU
		{EE9B3EF0-4CCC-48B2-ACD0-381DAA5D3779}.Debug|iPhone.Build.0 = Debug|Any CPU
		{EE9B3EF0-4CCC-48B2-ACD0-381DAA5D3779}.Debug|iPhoneSimulator.ActiveCfg = Debug|Any CPU
		{EE9B3EF0-4CCC-48B2-ACD0-381DAA5D3779}.Debug|iPhoneSimulator.Build.0 = Debug|Any CPU
		{EE9B3EF0-4CCC-48B2-ACD0-381DAA5D3779}.Release|Any CPU.ActiveCfg = Release|Any CPU
		{EE9B3EF0-4CCC-48B2-ACD0-381DAA5D3779}.Release|Any CPU.Build.0 = Release|Any CPU
		{EE9B3EF0-4CCC-48B2-ACD0-381DAA5D3779}.Release|iPhone.ActiveCfg = Release|Any CPU
		{EE9B3EF0-4CCC-48B2-ACD0-381DAA5D3779}.Release|iPhone.Build.0 = Release|Any CPU
		{EE9B3EF0-4CCC-48B2-ACD0-381DAA5D3779}.Release|iPhoneSimulator.ActiveCfg = Release|Any CPU
		{EE9B3EF0-4CCC-48B2-ACD0-381DAA5D3779}.Release|iPhoneSimulator.Build.0 = Release|Any CPU
	EndGlobalSection
	GlobalSection(MonoDevelopProperties) = preSolution
		StartupItem = EggsToGo.Android\EggsToGo.Android.csproj
	EndGlobalSection
EndGlobal
