
Microsoft Visual Studio Solution File, Format Version 11.00
# Visual Studio 2010
Project("{FAE04EC0-301F-11D3-BF4B-00C04F79EFBC}") = "EggsToGo.Sample.iOS", "EggsToGo.Sample.iOS\EggsToGo.Sample.iOS.csproj", "{E05002AC-2B24-40C6-B4AA-7E4860D22366}"
EndProject
Global
	GlobalSection(SolutionConfigurationPlatforms) = preSolution
		Debug|Any CPU = Debug|Any CPU
		Release|Any CPU = Release|Any CPU
		Debug|iPhoneSimulator = Debug|iPhoneSimulator
		Release|iPhoneSimulator = Release|iPhoneSimulator
		Debug|iPhone = Debug|iPhone
		Release|iPhone = Release|iPhone
		Ad-Hoc|iPhone = Ad-Hoc|iPhone
		AppStore|iPhone = AppStore|iPhone
	EndGlobalSection
	GlobalSection(ProjectConfigurationPlatforms) = postSolution
		{E05002AC-2B24-40C6-B4AA-7E4860D22366}.Ad-Hoc|iPhone.ActiveCfg = Ad-Hoc|iPhone
		{E05002AC-2B24-40C6-B4AA-7E4860D22366}.Ad-Hoc|iPhone.Build.0 = Ad-Hoc|iPhone
		{E05002AC-2B24-40C6-B4AA-7E4860D22366}.AppStore|iPhone.ActiveCfg = AppStore|iPhone
		{E05002AC-2B24-40C6-B4AA-7E4860D22366}.AppStore|iPhone.Build.0 = AppStore|iPhone
		{E05002AC-2B24-40C6-B4AA-7E4860D22366}.Debug|Any CPU.ActiveCfg = Debug|iPhoneSimulator
		{E05002AC-2B24-40C6-B4AA-7E4860D22366}.Debug|Any CPU.Build.0 = Debug|iPhoneSimulator
		{E05002AC-2B24-40C6-B4AA-7E4860D22366}.Debug|iPhone.ActiveCfg = Debug|iPhone
		{E05002AC-2B24-40C6-B4AA-7E4860D22366}.Debug|iPhone.Build.0 = Debug|iPhone
		{E05002AC-2B24-40C6-B4AA-7E4860D22366}.Debug|iPhoneSimulator.ActiveCfg = Debug|iPhoneSimulator
		{E05002AC-2B24-40C6-B4AA-7E4860D22366}.Debug|iPhoneSimulator.Build.0 = Debug|iPhoneSimulator
		{E05002AC-2B24-40C6-B4AA-7E4860D22366}.Release|Any CPU.ActiveCfg = Release|iPhoneSimulator
		{E05002AC-2B24-40C6-B4AA-7E4860D22366}.Release|Any CPU.Build.0 = Release|iPhoneSimulator
		{E05002AC-2B24-40C6-B4AA-7E4860D22366}.Release|iPhone.ActiveCfg = Release|iPhone
		{E05002AC-2B24-40C6-B4AA-7E4860D22366}.Release|iPhone.Build.0 = Release|iPhone
		{E05002AC-2B24-40C6-B4AA-7E4860D22366}.Release|iPhoneSimulator.ActiveCfg = Release|iPhoneSimulator
		{E05002AC-2B24-40C6-B4AA-7E4860D22366}.Release|iPhoneSimulator.Build.0 = Release|iPhoneSimulator
	EndGlobalSection
	GlobalSection(MonoDevelopProperties) = preSolution
		StartupItem = EggsToGo.Sample.iOS\EggsToGo.Sample.iOS.csproj
	EndGlobalSection
EndGlobal
